// !$*UTF8*$!
{
	archiveVersion = 1;
	classes = {
	};
	objectVersion = 46;
	objects = {

/* Begin PBXBuildFile section */
		F6F3C87F1F18842900CCEFFD /* AppDelegate.swift in Sources */ = {isa = PBXBuildFile; fileRef = F6F3C87E1F18842900CCEFFD /* AppDelegate.swift */; };
		F6F3C8811F18842900CCEFFD /* FirstVC.swift in Sources */ = {isa = PBXBuildFile; fileRef = F6F3C8801F18842900CCEFFD /* FirstVC.swift */; };
		F6F3C8831F18842900CCEFFD /* SecondVC.swift in Sources */ = {isa = PBXBuildFile; fileRef = F6F3C8821F18842900CCEFFD /* SecondVC.swift */; };
		F6F3C8861F18842900CCEFFD /* Main.storyboard in Resources */ = {isa = PBXBuildFile; fileRef = F6F3C8841F18842900CCEFFD /* Main.storyboard */; };
		F6F3C8881F18842900CCEFFD /* Assets.xcassets in Resources */ = {isa = PBXBuildFile; fileRef = F6F3C8871F18842900CCEFFD /* Assets.xcassets */; };
		F6F3C88B1F18842900CCEFFD /* LaunchScreen.storyboard in Resources */ = {isa = PBXBuildFile; fileRef = F6F3C8891F18842900CCEFFD /* LaunchScreen.storyboard */; };
		F6F3C8941F18875A00CCEFFD /* LoginVC.swift in Sources */ = {isa = PBXBuildFile; fileRef = F6F3C8931F18875A00CCEFFD /* LoginVC.swift */; };
/* End PBXBuildFile section */

/* Begin PBXFileReference section */
		F6F3C87B1F18842900CCEFFD /* Yoga.app */ = {isa = PBXFileReference; explicitFileType = wrapper.application; includeInIndex = 0; path = Yoga.app; sourceTree = BUILT_PRODUCTS_DIR; };
		F6F3C87E1F18842900CCEFFD /* AppDelegate.swift */ = {isa = PBXFileReference; lastKnownFileType = sourcecode.swift; path = AppDelegate.swift; sourceTree = "<group>"; };
		F6F3C8801F18842900CCEFFD /* FirstVC.swift */ = {isa = PBXFileReference; lastKnownFileType = sourcecode.swift; path = FirstVC.swift; sourceTree = "<group>"; };
		F6F3C8821F18842900CCEFFD /* SecondVC.swift */ = {isa = PBXFileReference; lastKnownFileType = sourcecode.swift; path = SecondVC.swift; sourceTree = "<group>"; };
		F6F3C8851F18842900CCEFFD /* Base */ = {isa = PBXFileReference; lastKnownFileType = file.storyboard; name = Base; path = Base.lproj/Main.storyboard; sourceTree = "<group>"; };
		F6F3C8871F18842900CCEFFD /* Assets.xcassets */ = {isa = PBXFileReference; lastKnownFileType = folder.assetcatalog; path = Assets.xcassets; sourceTree = "<group>"; };
		F6F3C88A1F18842900CCEFFD /* Base */ = {isa = PBXFileReference; lastKnownFileType = file.storyboard; name = Base; path = Base.lproj/LaunchScreen.storyboard; sourceTree = "<group>"; };
		F6F3C88C1F18842900CCEFFD /* Info.plist */ = {isa = PBXFileReference; lastKnownFileType = text.plist.xml; path = Info.plist; sourceTree = "<group>"; };
		F6F3C8931F18875A00CCEFFD /* LoginVC.swift */ = {isa = PBXFileReference; fileEncoding = 4; lastKnownFileType = sourcecode.swift; path = LoginVC.swift; sourceTree = "<group>"; };
/* End PBXFileReference section */

/* Begin PBXFrameworksBuildPhase section */
		F6F3C8781F18842900CCEFFD /* Frameworks */ = {
			isa = PBXFrameworksBuildPhase;
			buildActionMask = 2147483647;
			files = (
			);
			runOnlyForDeploymentPostprocessing = 0;
		};
/* End PBXFrameworksBuildPhase section */

/* Begin PBXGroup section */
		F6F3C8721F18842900CCEFFD = {
			isa = PBXGroup;
			children = (
				F6F3C87D1F18842900CCEFFD /* Yoga */,
				F6F3C87C1F18842900CCEFFD /* Products */,
			);
			sourceTree = "<group>";
		};
		F6F3C87C1F18842900CCEFFD /* Products */ = {
			isa = PBXGroup;
			children = (
				F6F3C87B1F18842900CCEFFD /* Yoga.app */,
			);
			name = Products;
			sourceTree = "<group>";
		};
		F6F3C87D1F18842900CCEFFD /* Yoga */ = {
			isa = PBXGroup;
			children = (
				F6F3C8921F18870000CCEFFD /* Controller */,
				F6F3C87E1F18842900CCEFFD /* AppDelegate.swift */,
				F6F3C8841F18842900CCEFFD /* Main.storyboard */,
				F6F3C8871F18842900CCEFFD /* Assets.xcassets */,
				F6F3C8891F18842900CCEFFD /* LaunchScreen.storyboard */,
				F6F3C88C1F18842900CCEFFD /* Info.plist */,
			);
			path = Yoga;
			sourceTree = "<group>";
		};
		F6F3C8921F18870000CCEFFD /* Controller */ = {
			isa = PBXGroup;
			children = (
				F6F3C8801F18842900CCEFFD /* FirstVC.swift */,
				F6F3C8821F18842900CCEFFD /* SecondVC.swift */,
				F6F3C8931F18875A00CCEFFD /* LoginVC.swift */,
			);
			name = Controller;
			sourceTree = "<group>";
		};
/* End PBXGroup section */

/* Begin PBXNativeTarget section */
		F6F3C87A1F18842900CCEFFD /* Yoga */ = {
			isa = PBXNativeTarget;
			buildConfigurationList = F6F3C88F1F18842900CCEFFD /* Build configuration list for PBXNativeTarget "Yoga" */;
			buildPhases = (
				F6F3C8771F18842900CCEFFD /* Sources */,
				F6F3C8781F18842900CCEFFD /* Frameworks */,
				F6F3C8791F18842900CCEFFD /* Resources */,
			);
			buildRules = (
			);
			dependencies = (
			);
			name = Yoga;
			productName = Yoga;
			productReference = F6F3C87B1F18842900CCEFFD /* Yoga.app */;
			productType = "com.apple.product-type.application";
		};
/* End PBXNativeTarget section */

/* Begin PBXProject section */
		F6F3C8731F18842900CCEFFD /* Project object */ = {
			isa = PBXProject;
			attributes = {
				LastSwiftUpdateCheck = 0830;
				LastUpgradeCheck = 0830;
				ORGANIZATIONNAME = "Lane Faison";
				TargetAttributes = {
					F6F3C87A1F18842900CCEFFD = {
						CreatedOnToolsVersion = 8.3.3;
						DevelopmentTeam = 34KC4VR7Y2;
						ProvisioningStyle = Automatic;
					};
				};
			};
			buildConfigurationList = F6F3C8761F18842900CCEFFD /* Build configuration list for PBXProject "Yoga" */;
			compatibilityVersion = "Xcode 3.2";
			developmentRegion = English;
			hasScannedForEncodings = 0;
			knownRegions = (
				en,
				Base,
			);
			mainGroup = F6F3C8721F18842900CCEFFD;
			productRefGroup = F6F3C87C1F18842900CCEFFD /* Products */;
			projectDirPath = "";
			projectRoot = "";
			targets = (
				F6F3C87A1F18842900CCEFFD /* Yoga */,
			);
		};
/* End PBXProject section */

/* Begin PBXResourcesBuildPhase section */
		F6F3C8791F18842900CCEFFD /* Resources */ = {
			isa = PBXResourcesBuildPhase;
			buildActionMask = 2147483647;
			files = (
				F6F3C88B1F18842900CCEFFD /* LaunchScreen.storyboard in Resources */,
				F6F3C8881F18842900CCEFFD /* Assets.xcassets in Resources */,
				F6F3C8861F18842900CCEFFD /* Main.storyboard in Resources */,
			);
			runOnlyForDeploymentPostprocessing = 0;
		};
/* End PBXResourcesBuildPhase section */

/* Begin PBXSourcesBuildPhase section */
		F6F3C8771F18842900CCEFFD /* Sources */ = {
			isa = PBXSourcesBuildPhase;
			buildActionMask = 2147483647;
			files = (
				F6F3C8831F18842900CCEFFD /* SecondVC.swift in Sources */,
				F6F3C87F1F18842900CCEFFD /* AppDelegate.swift in Sources */,
				F6F3C8941F18875A00CCEFFD /* LoginVC.swift in Sources */,
				F6F3C8811F18842900CCEFFD /* FirstVC.swift in Sources */,
			);
			runOnlyForDeploymentPostprocessing = 0;
		};
/* End PBXSourcesBuildPhase section */

/* Begin PBXVariantGroup section */
		F6F3C8841F18842900CCEFFD /* Main.storyboard */ = {
			isa = PBXVariantGroup;
			children = (
				F6F3C8851F18842900CCEFFD /* Base */,
			);
			name = Main.storyboard;
			sourceTree = "<group>";
		};
		F6F3C8891F18842900CCEFFD /* LaunchScreen.storyboard */ = {
			isa = PBXVariantGroup;
			children = (
				F6F3C88A1F18842900CCEFFD /* Base */,
			);
			name = LaunchScreen.storyboard;
			sourceTree = "<group>";
		};
/* End PBXVariantGroup section */

/* Begin XCBuildConfiguration section */
		F6F3C88D1F18842900CCEFFD /* Debug */ = {
			isa = XCBuildConfiguration;
			buildSettings = {
				ALWAYS_SEARCH_USER_PATHS = NO;
				CLANG_ANALYZER_NONNULL = YES;
				CLANG_ANALYZER_NUMBER_OBJECT_CONVERSION = YES_AGGRESSIVE;
				CLANG_CXX_LANGUAGE_STANDARD = "gnu++0x";
				CLANG_CXX_LIBRARY = "libc++";
				CLANG_ENABLE_MODULES = YES;
				CLANG_ENABLE_OBJC_ARC = YES;
				CLANG_WARN_BOOL_CONVERSION = YES;
				CLANG_WARN_CONSTANT_CONVERSION = YES;
				CLANG_WARN_DIRECT_OBJC_ISA_USAGE = YES_ERROR;
				CLANG_WARN_DOCUMENTATION_COMMENTS = YES;
				CLANG_WARN_EMPTY_BODY = YES;
				CLANG_WARN_ENUM_CONVERSION = YES;
				CLANG_WARN_INFINITE_RECURSION = YES;
				CLANG_WARN_INT_CONVERSION = YES;
				CLANG_WARN_OBJC_ROOT_CLASS = YES_ERROR;
				CLANG_WARN_SUSPICIOUS_MOVE = YES;
				CLANG_WARN_UNREACHABLE_CODE = YES;
				CLANG_WARN__DUPLICATE_METHOD_MATCH = YES;
				"CODE_SIGN_IDENTITY[sdk=iphoneos*]" = "iPhone Developer";
				COPY_PHASE_STRIP = NO;
				DEBUG_INFORMATION_FORMAT = dwarf;
				ENABLE_STRICT_OBJC_MSGSEND = YES;
				ENABLE_TESTABILITY = YES;
				GCC_C_LANGUAGE_STANDARD = gnu99;
				GCC_DYNAMIC_NO_PIC = NO;
				GCC_NO_COMMON_BLOCKS = YES;
				GCC_OPTIMIZATION_LEVEL = 0;
				GCC_PREPROCESSOR_DEFINITIONS = (
					"DEBUG=1",
					"$(inherited)",
				);
				GCC_WARN_64_TO_32_BIT_CONVERSION = YES;
				GCC_WARN_ABOUT_RETURN_TYPE = YES_ERROR;
				GCC_WARN_UNDECLARED_SELECTOR = YES;
				GCC_WARN_UNINITIALIZED_AUTOS = YES_AGGRESSIVE;
				GCC_WARN_UNUSED_FUNCTION = YES;
				GCC_WARN_UNUSED_VARIABLE = YES;
				IPHONEOS_DEPLOYMENT_TARGET = 10.3;
				MTL_ENABLE_DEBUG_INFO = YES;
				ONLY_ACTIVE_ARCH = YES;
				SDKROOT = iphoneos;
				SWIFT_ACTIVE_COMPILATION_CONDITIONS = DEBUG;
				SWIFT_OPTIMIZATION_LEVEL = "-Onone";
			};
			name = Debug;
		};
		F6F3C88E1F18842900CCEFFD /* Release */ = {
			isa = XCBuildConfiguration;
			buildSettings = {
				ALWAYS_SEARCH_USER_PATHS = NO;
				CLANG_ANALYZER_NONNULL = YES;
				CLANG_ANALYZER_NUMBER_OBJECT_CONVERSION = YES_AGGRESSIVE;
				CLANG_CXX_LANGUAGE_STANDARD = "gnu++0x";
				CLANG_CXX_LIBRARY = "libc++";
				CLANG_ENABLE_MODULES = YES;
				CLANG_ENABLE_OBJC_ARC = YES;
				CLANG_WARN_BOOL_CONVERSION = YES;
				CLANG_WARN_CONSTANT_CONVERSION = YES;
				CLANG_WARN_DIRECT_OBJC_ISA_USAGE = YES_ERROR;
				CLANG_WARN_DOCUMENTATION_COMMENTS = YES;
				CLANG_WARN_EMPTY_BODY = YES;
				CLANG_WARN_ENUM_CONVERSION = YES;
				CLANG_WARN_INFINITE_RECURSION = YES;
				CLANG_WARN_INT_CONVERSION = YES;
				CLANG_WARN_OBJC_ROOT_CLASS = YES_ERROR;
				CLANG_WARN_SUSPICIOUS_MOVE = YES;
				CLANG_WARN_UNREACHABLE_CODE = YES;
				CLANG_WARN__DUPLICATE_METHOD_MATCH = YES;
				"CODE_SIGN_IDENTITY[sdk=iphoneos*]" = "iPhone Developer";
				COPY_PHASE_STRIP = NO;
				DEBUG_INFORMATION_FORMAT = "dwarf-with-dsym";
				ENABLE_NS_ASSERTIONS = NO;
				ENABLE_STRICT_OBJC_MSGSEND = YES;
				GCC_C_LANGUAGE_STANDARD = gnu99;
				GCC_NO_COMMON_BLOCKS = YES;
				GCC_WARN_64_TO_32_BIT_CONVERSION = YES;
				GCC_WARN_ABOUT_RETURN_TYPE = YES_ERROR;
				GCC_WARN_UNDECLARED_SELECTOR = YES;
				GCC_WARN_UNINITIALIZED_AUTOS = YES_AGGRESSIVE;
				GCC_WARN_UNUSED_FUNCTION = YES;
				GCC_WARN_UNUSED_VARIABLE = YES;
				IPHONEOS_DEPLOYMENT_TARGET = 10.3;
				MTL_ENABLE_DEBUG_INFO = NO;
				SDKROOT = iphoneos;
				SWIFT_OPTIMIZATION_LEVEL = "-Owholemodule";
				VALIDATE_PRODUCT = YES;
			};
			name = Release;
		};
		F6F3C8901F18842900CCEFFD /* Debug */ = {
			isa = XCBuildConfiguration;
			buildSettings = {
				ASSETCATALOG_COMPILER_APPICON_NAME = AppIcon;
				DEVELOPMENT_TEAM = 34KC4VR7Y2;
				INFOPLIST_FILE = Yoga/Info.plist;
				LD_RUNPATH_SEARCH_PATHS = "$(inherited) @executable_path/Frameworks";
				PRODUCT_BUNDLE_IDENTIFIER = com.lanefaison.Yoga;
				PRODUCT_NAME = "$(TARGET_NAME)";
				SWIFT_VERSION = 3.0;
			};
			name = Debug;
		};
		F6F3C8911F18842900CCEFFD /* Release */ = {
			isa = XCBuildConfiguration;
			buildSettings = {
				ASSETCATALOG_COMPILER_APPICON_NAME = AppIcon;
				DEVELOPMENT_TEAM = 34KC4VR7Y2;
				INFOPLIST_FILE = Yoga/Info.plist;
				LD_RUNPATH_SEARCH_PATHS = "$(inherited) @executable_path/Frameworks";
				PRODUCT_BUNDLE_IDENTIFIER = com.lanefaison.Yoga;
				PRODUCT_NAME = "$(TARGET_NAME)";
				SWIFT_VERSION = 3.0;
			};
			name = Release;
		};
/* End XCBuildConfiguration section */

/* Begin XCConfigurationList section */
		F6F3C8761F18842900CCEFFD /* Build configuration list for PBXProject "Yoga" */ = {
			isa = XCConfigurationList;
			buildConfigurations = (
				F6F3C88D1F18842900CCEFFD /* Debug */,
				F6F3C88E1F18842900CCEFFD /* Release */,
			);
			defaultConfigurationIsVisible = 0;
			defaultConfigurationName = Release;
		};
		F6F3C88F1F18842900CCEFFD /* Build configuration list for PBXNativeTarget "Yoga" */ = {
			isa = XCConfigurationList;
			buildConfigurations = (
				F6F3C8901F18842900CCEFFD /* Debug */,
				F6F3C8911F18842900CCEFFD /* Release */,
			);
			defaultConfigurationIsVisible = 0;
			defaultConfigurationName = Release;
		};
/* End XCConfigurationList section */
	};
	rootObject = F6F3C8731F18842900CCEFFD /* Project object */;
}
